
Microsoft Visual Studio Solution File, Format Version 12.00
Project("{FAE04EC0-301F-11D3-BF4B-00C04F79EFBC}") = "Day1", "Day1\Day1.csproj", "{4FAAED2C-DACA-4F13-A103-DDAB7576A29A}"
EndProject
Project("{FAE04EC0-301F-11D3-BF4B-00C04F79EFBC}") = "Day1Tests", "Day1Tests\Day1Tests.csproj", "{420F7D02-831F-4C5C-8A1A-C8672653C24B}"
EndProject
Project("{FAE04EC0-301F-11D3-BF4B-00C04F79EFBC}") = "Tools", "Tools\Tools.csproj", "{3AB94020-2970-4DA7-A6D1-931EF75646DC}"
EndProject
Project("{FAE04EC0-301F-11D3-BF4B-00C04F79EFBC}") = "ToolsTests", "ToolsTests\ToolsTests.csproj", "{70D9C8D0-1714-4A8F-B84C-54AC6062B95B}"
EndProject
Project("{FAE04EC0-301F-11D3-BF4B-00C04F79EFBC}") = "Day2", "Day2\Day2.csproj", "{C81F549F-7534-48EC-BCD4-B1789CE3CF33}"
EndProject
Project("{FAE04EC0-301F-11D3-BF4B-00C04F79EFBC}") = "Day2Tests", "Day2Tests\Day2Tests.csproj", "{B3BFB983-723F-4612-BF1F-1F9115298D9A}"
EndProject
Project("{FAE04EC0-301F-11D3-BF4B-00C04F79EFBC}") = "Day3", "Day3\Day3.csproj", "{CEE4D1BE-9036-4B4E-BA39-28903C1CA51E}"
EndProject
Project("{FAE04EC0-301F-11D3-BF4B-00C04F79EFBC}") = "Day3Tests", "Day3Tests\Day3Tests.csproj", "{AB4D6EA9-8905-4B7F-BF51-77CB5B8804EC}"
EndProject
Project("{FAE04EC0-301F-11D3-BF4B-00C04F79EFBC}") = "Day4", "Day4\Day4.csproj", "{F5B605FA-481F-4B95-861B-6A952075253E}"
EndProject
Project("{FAE04EC0-301F-11D3-BF4B-00C04F79EFBC}") = "Day4Tests", "Day4Tests\Day4Tests.csproj", "{DE94E7DB-8626-4501-AE2A-6D836EEE2B37}"
EndProject
Project("{FAE04EC0-301F-11D3-BF4B-00C04F79EFBC}") = "Day5", "Day5\Day5.csproj", "{35729F56-10C6-41C9-918A-3493059A7E3B}"
EndProject
Project("{FAE04EC0-301F-11D3-BF4B-00C04F79EFBC}") = "Day5Tests", "Day5Tests\Day5Tests.csproj", "{F1A1D7BC-7341-4EE3-B50B-B4D788F43311}"
EndProject
Project("{FAE04EC0-301F-11D3-BF4B-00C04F79EFBC}") = "Day6Tests", "Day6Tests\Day6Tests.csproj", "{B6C8CE61-37AE-4DBD-9C8E-F57EC18A03D7}"
EndProject
Project("{FAE04EC0-301F-11D3-BF4B-00C04F79EFBC}") = "Day6", "Day6\Day6.csproj", "{B256C1A6-77CF-45D9-A99D-D0A45DE2B8AF}"
EndProject
Project("{FAE04EC0-301F-11D3-BF4B-00C04F79EFBC}") = "Day7", "Day7\Day7.csproj", "{9DA72EC0-4A79-4F80-9849-24D853356E3D}"
EndProject
Project("{FAE04EC0-301F-11D3-BF4B-00C04F79EFBC}") = "Day7Tests", "Day7Tests\Day7Tests.csproj", "{CDBDB6CC-BEEB-422D-A5B2-633D30173815}"
EndProject
Project("{FAE04EC0-301F-11D3-BF4B-00C04F79EFBC}") = "Day8Test", "Day8Test\Day8Test.csproj", "{3BE07AE1-3AA0-4A53-B95C-02D250CA32AF}"
EndProject
Project("{FAE04EC0-301F-11D3-BF4B-00C04F79EFBC}") = "Day8", "Day8\Day8.csproj", "{C7FB4910-2DA9-43F5-BF2B-48B62E7F3CB0}"
EndProject
Project("{FAE04EC0-301F-11D3-BF4B-00C04F79EFBC}") = "Day9", "Day9\Day9.csproj", "{06E49F7B-5407-40C8-8358-7CDCAAECBBC1}"
EndProject
Project("{FAE04EC0-301F-11D3-BF4B-00C04F79EFBC}") = "Day9Tests", "Day9Tests\Day9Tests.csproj", "{BDDBBF1E-1B79-49F4-AAEF-3B55F0651BAC}"
EndProject
Project("{FAE04EC0-301F-11D3-BF4B-00C04F79EFBC}") = "Day10Tests", "Day10Tests\Day10Tests.csproj", "{68F4CFEA-03B5-4C2A-BED6-1DE851C3CB33}"
EndProject
Project("{FAE04EC0-301F-11D3-BF4B-00C04F79EFBC}") = "Day10", "Day10\Day10.csproj", "{6CD3494E-6F6D-4127-AFDB-5D788D30A7D8}"
EndProject
Project("{FAE04EC0-301F-11D3-BF4B-00C04F79EFBC}") = "Day11", "Day11\Day11.csproj", "{E191E59B-FADB-441F-AA19-DEFD5A100AAD}"
EndProject
Project("{FAE04EC0-301F-11D3-BF4B-00C04F79EFBC}") = "Day11Tests", "Day11Tests\Day11Tests.csproj", "{9BAA308C-EDAA-4FA6-B468-1E51DBAE064A}"
EndProject
Project("{FAE04EC0-301F-11D3-BF4B-00C04F79EFBC}") = "Day12Tests", "Day12Tests\Day12Tests.csproj", "{B64E8F8B-1A8A-488A-832B-3CEBD1FCED81}"
EndProject
Project("{FAE04EC0-301F-11D3-BF4B-00C04F79EFBC}") = "Day12", "Day12\Day12.csproj", "{6BFB45A4-423B-404D-8CD8-B264DF33B6CF}"
EndProject
Project("{FAE04EC0-301F-11D3-BF4B-00C04F79EFBC}") = "Day13", "Day13\Day13.csproj", "{159196C9-27DC-4FE9-B3F9-42B37FB0C881}"
EndProject
Project("{FAE04EC0-301F-11D3-BF4B-00C04F79EFBC}") = "Day13Tests", "Day13Tests\Day13Tests.csproj", "{E69D711B-E71C-4BB5-81EF-E1D585E34575}"
EndProject
Project("{FAE04EC0-301F-11D3-BF4B-00C04F79EFBC}") = "Day14Tests", "Day14Tests\Day14Tests.csproj", "{5913F9A7-0B33-409D-9BE5-9AA31FBC53A9}"
EndProject
Project("{FAE04EC0-301F-11D3-BF4B-00C04F79EFBC}") = "Day14", "Day14\Day14.csproj", "{6793A121-A251-4AA1-802C-9CA44559AC94}"
EndProject
Project("{FAE04EC0-301F-11D3-BF4B-00C04F79EFBC}") = "Day15", "Day15\Day15.csproj", "{1C85BF4F-45CD-4AD6-8D84-5FBA825BBCAC}"
EndProject
Project("{FAE04EC0-301F-11D3-BF4B-00C04F79EFBC}") = "Day15Tests", "Day15Tests\Day15Tests.csproj", "{F52011C6-47B5-4DB9-9675-D3165C23B232}"
EndProject
Project("{FAE04EC0-301F-11D3-BF4B-00C04F79EFBC}") = "Day16Tests", "Day16Tests\Day16Tests.csproj", "{22F11337-28A1-4736-90A7-47E55B78B89D}"
EndProject
Project("{FAE04EC0-301F-11D3-BF4B-00C04F79EFBC}") = "Day16", "Day16\Day16.csproj", "{C0F1DC8D-AEEE-40B4-8ED0-3EFDD53A7FBE}"
EndProject
Project("{FAE04EC0-301F-11D3-BF4B-00C04F79EFBC}") = "Day17", "Day17\Day17.csproj", "{FFC63397-F9C5-48A0-8C4A-30B6BBBD5E65}"
EndProject
Project("{FAE04EC0-301F-11D3-BF4B-00C04F79EFBC}") = "Day17Tests", "Day17Tests\Day17Tests.csproj", "{2996CBF0-F4CB-411E-B2F6-3AA29DFDA919}"
EndProject
Project("{FAE04EC0-301F-11D3-BF4B-00C04F79EFBC}") = "Day18", "Day18\Day18.csproj", "{44DA6C76-C309-4EEB-846E-C0DA1583DF22}"
EndProject
Project("{FAE04EC0-301F-11D3-BF4B-00C04F79EFBC}") = "Day18Tests", "Day18Tests\Day18Tests.csproj", "{DF931045-F32D-47CF-B7EF-0D36C308A239}"
EndProject
Project("{FAE04EC0-301F-11D3-BF4B-00C04F79EFBC}") = "Day19", "Day19\Day19.csproj", "{4616E7AA-B7C1-4920-8FF1-7591BFFF130F}"
EndProject
Project("{FAE04EC0-301F-11D3-BF4B-00C04F79EFBC}") = "Day19Tests", "Day19Tests\Day19Tests.csproj", "{94193FB8-CCB4-4E77-8359-35B84F319F5A}"
EndProject
Project("{FAE04EC0-301F-11D3-BF4B-00C04F79EFBC}") = "Day20", "Day20\Day20.csproj", "{C429E233-199B-48F0-B201-EA8FCA50F66F}"
EndProject
Project("{FAE04EC0-301F-11D3-BF4B-00C04F79EFBC}") = "Day20Tests", "Day20Tests\Day20Tests.csproj", "{87A1EC3D-7368-4C84-9571-C24A41BB9FED}"
EndProject
Global
	GlobalSection(SolutionConfigurationPlatforms) = preSolution
		Debug|Any CPU = Debug|Any CPU
		Release|Any CPU = Release|Any CPU
	EndGlobalSection
	GlobalSection(ProjectConfigurationPlatforms) = postSolution
		{4FAAED2C-DACA-4F13-A103-DDAB7576A29A}.Debug|Any CPU.ActiveCfg = Debug|Any CPU
		{4FAAED2C-DACA-4F13-A103-DDAB7576A29A}.Debug|Any CPU.Build.0 = Debug|Any CPU
		{4FAAED2C-DACA-4F13-A103-DDAB7576A29A}.Release|Any CPU.ActiveCfg = Release|Any CPU
		{4FAAED2C-DACA-4F13-A103-DDAB7576A29A}.Release|Any CPU.Build.0 = Release|Any CPU
		{420F7D02-831F-4C5C-8A1A-C8672653C24B}.Debug|Any CPU.ActiveCfg = Debug|Any CPU
		{420F7D02-831F-4C5C-8A1A-C8672653C24B}.Debug|Any CPU.Build.0 = Debug|Any CPU
		{420F7D02-831F-4C5C-8A1A-C8672653C24B}.Release|Any CPU.ActiveCfg = Release|Any CPU
		{420F7D02-831F-4C5C-8A1A-C8672653C24B}.Release|Any CPU.Build.0 = Release|Any CPU
		{3AB94020-2970-4DA7-A6D1-931EF75646DC}.Debug|Any CPU.ActiveCfg = Debug|Any CPU
		{3AB94020-2970-4DA7-A6D1-931EF75646DC}.Debug|Any CPU.Build.0 = Debug|Any CPU
		{3AB94020-2970-4DA7-A6D1-931EF75646DC}.Release|Any CPU.ActiveCfg = Release|Any CPU
		{3AB94020-2970-4DA7-A6D1-931EF75646DC}.Release|Any CPU.Build.0 = Release|Any CPU
		{70D9C8D0-1714-4A8F-B84C-54AC6062B95B}.Debug|Any CPU.ActiveCfg = Debug|Any CPU
		{70D9C8D0-1714-4A8F-B84C-54AC6062B95B}.Debug|Any CPU.Build.0 = Debug|Any CPU
		{70D9C8D0-1714-4A8F-B84C-54AC6062B95B}.Release|Any CPU.ActiveCfg = Release|Any CPU
		{70D9C8D0-1714-4A8F-B84C-54AC6062B95B}.Release|Any CPU.Build.0 = Release|Any CPU
		{C81F549F-7534-48EC-BCD4-B1789CE3CF33}.Debug|Any CPU.ActiveCfg = Debug|Any CPU
		{C81F549F-7534-48EC-BCD4-B1789CE3CF33}.Debug|Any CPU.Build.0 = Debug|Any CPU
		{C81F549F-7534-48EC-BCD4-B1789CE3CF33}.Release|Any CPU.ActiveCfg = Release|Any CPU
		{C81F549F-7534-48EC-BCD4-B1789CE3CF33}.Release|Any CPU.Build.0 = Release|Any CPU
		{B3BFB983-723F-4612-BF1F-1F9115298D9A}.Debug|Any CPU.ActiveCfg = Debug|Any CPU
		{B3BFB983-723F-4612-BF1F-1F9115298D9A}.Debug|Any CPU.Build.0 = Debug|Any CPU
		{B3BFB983-723F-4612-BF1F-1F9115298D9A}.Release|Any CPU.ActiveCfg = Release|Any CPU
		{B3BFB983-723F-4612-BF1F-1F9115298D9A}.Release|Any CPU.Build.0 = Release|Any CPU
		{CEE4D1BE-9036-4B4E-BA39-28903C1CA51E}.Debug|Any CPU.ActiveCfg = Debug|Any CPU
		{CEE4D1BE-9036-4B4E-BA39-28903C1CA51E}.Debug|Any CPU.Build.0 = Debug|Any CPU
		{CEE4D1BE-9036-4B4E-BA39-28903C1CA51E}.Release|Any CPU.ActiveCfg = Release|Any CPU
		{CEE4D1BE-9036-4B4E-BA39-28903C1CA51E}.Release|Any CPU.Build.0 = Release|Any CPU
		{AB4D6EA9-8905-4B7F-BF51-77CB5B8804EC}.Debug|Any CPU.ActiveCfg = Debug|Any CPU
		{AB4D6EA9-8905-4B7F-BF51-77CB5B8804EC}.Debug|Any CPU.Build.0 = Debug|Any CPU
		{AB4D6EA9-8905-4B7F-BF51-77CB5B8804EC}.Release|Any CPU.ActiveCfg = Release|Any CPU
		{AB4D6EA9-8905-4B7F-BF51-77CB5B8804EC}.Release|Any CPU.Build.0 = Release|Any CPU
		{F5B605FA-481F-4B95-861B-6A952075253E}.Debug|Any CPU.ActiveCfg = Debug|Any CPU
		{F5B605FA-481F-4B95-861B-6A952075253E}.Debug|Any CPU.Build.0 = Debug|Any CPU
		{F5B605FA-481F-4B95-861B-6A952075253E}.Release|Any CPU.ActiveCfg = Release|Any CPU
		{F5B605FA-481F-4B95-861B-6A952075253E}.Release|Any CPU.Build.0 = Release|Any CPU
		{DE94E7DB-8626-4501-AE2A-6D836EEE2B37}.Debug|Any CPU.ActiveCfg = Debug|Any CPU
		{DE94E7DB-8626-4501-AE2A-6D836EEE2B37}.Debug|Any CPU.Build.0 = Debug|Any CPU
		{DE94E7DB-8626-4501-AE2A-6D836EEE2B37}.Release|Any CPU.ActiveCfg = Release|Any CPU
		{DE94E7DB-8626-4501-AE2A-6D836EEE2B37}.Release|Any CPU.Build.0 = Release|Any CPU
		{35729F56-10C6-41C9-918A-3493059A7E3B}.Debug|Any CPU.ActiveCfg = Debug|Any CPU
		{35729F56-10C6-41C9-918A-3493059A7E3B}.Debug|Any CPU.Build.0 = Debug|Any CPU
		{35729F56-10C6-41C9-918A-3493059A7E3B}.Release|Any CPU.ActiveCfg = Release|Any CPU
		{35729F56-10C6-41C9-918A-3493059A7E3B}.Release|Any CPU.Build.0 = Release|Any CPU
		{F1A1D7BC-7341-4EE3-B50B-B4D788F43311}.Debug|Any CPU.ActiveCfg = Debug|Any CPU
		{F1A1D7BC-7341-4EE3-B50B-B4D788F43311}.Debug|Any CPU.Build.0 = Debug|Any CPU
		{F1A1D7BC-7341-4EE3-B50B-B4D788F43311}.Release|Any CPU.ActiveCfg = Release|Any CPU
		{F1A1D7BC-7341-4EE3-B50B-B4D788F43311}.Release|Any CPU.Build.0 = Release|Any CPU
		{B6C8CE61-37AE-4DBD-9C8E-F57EC18A03D7}.Debug|Any CPU.ActiveCfg = Debug|Any CPU
		{B6C8CE61-37AE-4DBD-9C8E-F57EC18A03D7}.Debug|Any CPU.Build.0 = Debug|Any CPU
		{B6C8CE61-37AE-4DBD-9C8E-F57EC18A03D7}.Release|Any CPU.ActiveCfg = Release|Any CPU
		{B6C8CE61-37AE-4DBD-9C8E-F57EC18A03D7}.Release|Any CPU.Build.0 = Release|Any CPU
		{B256C1A6-77CF-45D9-A99D-D0A45DE2B8AF}.Debug|Any CPU.ActiveCfg = Debug|Any CPU
		{B256C1A6-77CF-45D9-A99D-D0A45DE2B8AF}.Debug|Any CPU.Build.0 = Debug|Any CPU
		{B256C1A6-77CF-45D9-A99D-D0A45DE2B8AF}.Release|Any CPU.ActiveCfg = Release|Any CPU
		{B256C1A6-77CF-45D9-A99D-D0A45DE2B8AF}.Release|Any CPU.Build.0 = Release|Any CPU
		{9DA72EC0-4A79-4F80-9849-24D853356E3D}.Debug|Any CPU.ActiveCfg = Debug|Any CPU
		{9DA72EC0-4A79-4F80-9849-24D853356E3D}.Debug|Any CPU.Build.0 = Debug|Any CPU
		{9DA72EC0-4A79-4F80-9849-24D853356E3D}.Release|Any CPU.ActiveCfg = Release|Any CPU
		{9DA72EC0-4A79-4F80-9849-24D853356E3D}.Release|Any CPU.Build.0 = Release|Any CPU
		{CDBDB6CC-BEEB-422D-A5B2-633D30173815}.Debug|Any CPU.ActiveCfg = Debug|Any CPU
		{CDBDB6CC-BEEB-422D-A5B2-633D30173815}.Debug|Any CPU.Build.0 = Debug|Any CPU
		{CDBDB6CC-BEEB-422D-A5B2-633D30173815}.Release|Any CPU.ActiveCfg = Release|Any CPU
		{CDBDB6CC-BEEB-422D-A5B2-633D30173815}.Release|Any CPU.Build.0 = Release|Any CPU
		{3BE07AE1-3AA0-4A53-B95C-02D250CA32AF}.Debug|Any CPU.ActiveCfg = Debug|Any CPU
		{3BE07AE1-3AA0-4A53-B95C-02D250CA32AF}.Debug|Any CPU.Build.0 = Debug|Any CPU
		{3BE07AE1-3AA0-4A53-B95C-02D250CA32AF}.Release|Any CPU.ActiveCfg = Release|Any CPU
		{3BE07AE1-3AA0-4A53-B95C-02D250CA32AF}.Release|Any CPU.Build.0 = Release|Any CPU
		{C7FB4910-2DA9-43F5-BF2B-48B62E7F3CB0}.Debug|Any CPU.ActiveCfg = Debug|Any CPU
		{C7FB4910-2DA9-43F5-BF2B-48B62E7F3CB0}.Debug|Any CPU.Build.0 = Debug|Any CPU
		{C7FB4910-2DA9-43F5-BF2B-48B62E7F3CB0}.Release|Any CPU.ActiveCfg = Release|Any CPU
		{C7FB4910-2DA9-43F5-BF2B-48B62E7F3CB0}.Release|Any CPU.Build.0 = Release|Any CPU
		{06E49F7B-5407-40C8-8358-7CDCAAECBBC1}.Debug|Any CPU.ActiveCfg = Debug|Any CPU
		{06E49F7B-5407-40C8-8358-7CDCAAECBBC1}.Debug|Any CPU.Build.0 = Debug|Any CPU
		{06E49F7B-5407-40C8-8358-7CDCAAECBBC1}.Release|Any CPU.ActiveCfg = Release|Any CPU
		{06E49F7B-5407-40C8-8358-7CDCAAECBBC1}.Release|Any CPU.Build.0 = Release|Any CPU
		{BDDBBF1E-1B79-49F4-AAEF-3B55F0651BAC}.Debug|Any CPU.ActiveCfg = Debug|Any CPU
		{BDDBBF1E-1B79-49F4-AAEF-3B55F0651BAC}.Debug|Any CPU.Build.0 = Debug|Any CPU
		{BDDBBF1E-1B79-49F4-AAEF-3B55F0651BAC}.Release|Any CPU.ActiveCfg = Release|Any CPU
		{BDDBBF1E-1B79-49F4-AAEF-3B55F0651BAC}.Release|Any CPU.Build.0 = Release|Any CPU
		{68F4CFEA-03B5-4C2A-BED6-1DE851C3CB33}.Debug|Any CPU.ActiveCfg = Debug|Any CPU
		{68F4CFEA-03B5-4C2A-BED6-1DE851C3CB33}.Debug|Any CPU.Build.0 = Debug|Any CPU
		{68F4CFEA-03B5-4C2A-BED6-1DE851C3CB33}.Release|Any CPU.ActiveCfg = Release|Any CPU
		{68F4CFEA-03B5-4C2A-BED6-1DE851C3CB33}.Release|Any CPU.Build.0 = Release|Any CPU
		{6CD3494E-6F6D-4127-AFDB-5D788D30A7D8}.Debug|Any CPU.ActiveCfg = Debug|Any CPU
		{6CD3494E-6F6D-4127-AFDB-5D788D30A7D8}.Debug|Any CPU.Build.0 = Debug|Any CPU
		{6CD3494E-6F6D-4127-AFDB-5D788D30A7D8}.Release|Any CPU.ActiveCfg = Release|Any CPU
		{6CD3494E-6F6D-4127-AFDB-5D788D30A7D8}.Release|Any CPU.Build.0 = Release|Any CPU
		{E191E59B-FADB-441F-AA19-DEFD5A100AAD}.Debug|Any CPU.ActiveCfg = Debug|Any CPU
		{E191E59B-FADB-441F-AA19-DEFD5A100AAD}.Debug|Any CPU.Build.0 = Debug|Any CPU
		{E191E59B-FADB-441F-AA19-DEFD5A100AAD}.Release|Any CPU.ActiveCfg = Release|Any CPU
		{E191E59B-FADB-441F-AA19-DEFD5A100AAD}.Release|Any CPU.Build.0 = Release|Any CPU
		{9BAA308C-EDAA-4FA6-B468-1E51DBAE064A}.Debug|Any CPU.ActiveCfg = Debug|Any CPU
		{9BAA308C-EDAA-4FA6-B468-1E51DBAE064A}.Debug|Any CPU.Build.0 = Debug|Any CPU
		{9BAA308C-EDAA-4FA6-B468-1E51DBAE064A}.Release|Any CPU.ActiveCfg = Release|Any CPU
		{9BAA308C-EDAA-4FA6-B468-1E51DBAE064A}.Release|Any CPU.Build.0 = Release|Any CPU
		{B64E8F8B-1A8A-488A-832B-3CEBD1FCED81}.Debug|Any CPU.ActiveCfg = Debug|Any CPU
		{B64E8F8B-1A8A-488A-832B-3CEBD1FCED81}.Debug|Any CPU.Build.0 = Debug|Any CPU
		{B64E8F8B-1A8A-488A-832B-3CEBD1FCED81}.Release|Any CPU.ActiveCfg = Release|Any CPU
		{B64E8F8B-1A8A-488A-832B-3CEBD1FCED81}.Release|Any CPU.Build.0 = Release|Any CPU
		{6BFB45A4-423B-404D-8CD8-B264DF33B6CF}.Debug|Any CPU.ActiveCfg = Debug|Any CPU
		{6BFB45A4-423B-404D-8CD8-B264DF33B6CF}.Debug|Any CPU.Build.0 = Debug|Any CPU
		{6BFB45A4-423B-404D-8CD8-B264DF33B6CF}.Release|Any CPU.ActiveCfg = Release|Any CPU
		{6BFB45A4-423B-404D-8CD8-B264DF33B6CF}.Release|Any CPU.Build.0 = Release|Any CPU
		{159196C9-27DC-4FE9-B3F9-42B37FB0C881}.Debug|Any CPU.ActiveCfg = Debug|Any CPU
		{159196C9-27DC-4FE9-B3F9-42B37FB0C881}.Debug|Any CPU.Build.0 = Debug|Any CPU
		{159196C9-27DC-4FE9-B3F9-42B37FB0C881}.Release|Any CPU.ActiveCfg = Release|Any CPU
		{159196C9-27DC-4FE9-B3F9-42B37FB0C881}.Release|Any CPU.Build.0 = Release|Any CPU
		{E69D711B-E71C-4BB5-81EF-E1D585E34575}.Debug|Any CPU.ActiveCfg = Debug|Any CPU
		{E69D711B-E71C-4BB5-81EF-E1D585E34575}.Debug|Any CPU.Build.0 = Debug|Any CPU
		{E69D711B-E71C-4BB5-81EF-E1D585E34575}.Release|Any CPU.ActiveCfg = Release|Any CPU
		{E69D711B-E71C-4BB5-81EF-E1D585E34575}.Release|Any CPU.Build.0 = Release|Any CPU
		{5913F9A7-0B33-409D-9BE5-9AA31FBC53A9}.Debug|Any CPU.ActiveCfg = Debug|Any CPU
		{5913F9A7-0B33-409D-9BE5-9AA31FBC53A9}.Debug|Any CPU.Build.0 = Debug|Any CPU
		{5913F9A7-0B33-409D-9BE5-9AA31FBC53A9}.Release|Any CPU.ActiveCfg = Release|Any CPU
		{5913F9A7-0B33-409D-9BE5-9AA31FBC53A9}.Release|Any CPU.Build.0 = Release|Any CPU
		{6793A121-A251-4AA1-802C-9CA44559AC94}.Debug|Any CPU.ActiveCfg = Debug|Any CPU
		{6793A121-A251-4AA1-802C-9CA44559AC94}.Debug|Any CPU.Build.0 = Debug|Any CPU
		{6793A121-A251-4AA1-802C-9CA44559AC94}.Release|Any CPU.ActiveCfg = Release|Any CPU
		{6793A121-A251-4AA1-802C-9CA44559AC94}.Release|Any CPU.Build.0 = Release|Any CPU
		{1C85BF4F-45CD-4AD6-8D84-5FBA825BBCAC}.Debug|Any CPU.ActiveCfg = Debug|Any CPU
		{1C85BF4F-45CD-4AD6-8D84-5FBA825BBCAC}.Debug|Any CPU.Build.0 = Debug|Any CPU
		{1C85BF4F-45CD-4AD6-8D84-5FBA825BBCAC}.Release|Any CPU.ActiveCfg = Release|Any CPU
		{1C85BF4F-45CD-4AD6-8D84-5FBA825BBCAC}.Release|Any CPU.Build.0 = Release|Any CPU
		{F52011C6-47B5-4DB9-9675-D3165C23B232}.Debug|Any CPU.ActiveCfg = Debug|Any CPU
		{F52011C6-47B5-4DB9-9675-D3165C23B232}.Debug|Any CPU.Build.0 = Debug|Any CPU
		{F52011C6-47B5-4DB9-9675-D3165C23B232}.Release|Any CPU.ActiveCfg = Release|Any CPU
		{F52011C6-47B5-4DB9-9675-D3165C23B232}.Release|Any CPU.Build.0 = Release|Any CPU
		{22F11337-28A1-4736-90A7-47E55B78B89D}.Debug|Any CPU.ActiveCfg = Debug|Any CPU
		{22F11337-28A1-4736-90A7-47E55B78B89D}.Debug|Any CPU.Build.0 = Debug|Any CPU
		{22F11337-28A1-4736-90A7-47E55B78B89D}.Release|Any CPU.ActiveCfg = Release|Any CPU
		{22F11337-28A1-4736-90A7-47E55B78B89D}.Release|Any CPU.Build.0 = Release|Any CPU
		{C0F1DC8D-AEEE-40B4-8ED0-3EFDD53A7FBE}.Debug|Any CPU.ActiveCfg = Debug|Any CPU
		{C0F1DC8D-AEEE-40B4-8ED0-3EFDD53A7FBE}.Debug|Any CPU.Build.0 = Debug|Any CPU
		{C0F1DC8D-AEEE-40B4-8ED0-3EFDD53A7FBE}.Release|Any CPU.ActiveCfg = Release|Any CPU
		{C0F1DC8D-AEEE-40B4-8ED0-3EFDD53A7FBE}.Release|Any CPU.Build.0 = Release|Any CPU
		{FFC63397-F9C5-48A0-8C4A-30B6BBBD5E65}.Debug|Any CPU.ActiveCfg = Debug|Any CPU
		{FFC63397-F9C5-48A0-8C4A-30B6BBBD5E65}.Debug|Any CPU.Build.0 = Debug|Any CPU
		{FFC63397-F9C5-48A0-8C4A-30B6BBBD5E65}.Release|Any CPU.ActiveCfg = Release|Any CPU
		{FFC63397-F9C5-48A0-8C4A-30B6BBBD5E65}.Release|Any CPU.Build.0 = Release|Any CPU
		{2996CBF0-F4CB-411E-B2F6-3AA29DFDA919}.Debug|Any CPU.ActiveCfg = Debug|Any CPU
		{2996CBF0-F4CB-411E-B2F6-3AA29DFDA919}.Debug|Any CPU.Build.0 = Debug|Any CPU
		{2996CBF0-F4CB-411E-B2F6-3AA29DFDA919}.Release|Any CPU.ActiveCfg = Release|Any CPU
		{2996CBF0-F4CB-411E-B2F6-3AA29DFDA919}.Release|Any CPU.Build.0 = Release|Any CPU
		{44DA6C76-C309-4EEB-846E-C0DA1583DF22}.Debug|Any CPU.ActiveCfg = Debug|Any CPU
		{44DA6C76-C309-4EEB-846E-C0DA1583DF22}.Debug|Any CPU.Build.0 = Debug|Any CPU
		{44DA6C76-C309-4EEB-846E-C0DA1583DF22}.Release|Any CPU.ActiveCfg = Release|Any CPU
		{44DA6C76-C309-4EEB-846E-C0DA1583DF22}.Release|Any CPU.Build.0 = Release|Any CPU
		{DF931045-F32D-47CF-B7EF-0D36C308A239}.Debug|Any CPU.ActiveCfg = Debug|Any CPU
		{DF931045-F32D-47CF-B7EF-0D36C308A239}.Debug|Any CPU.Build.0 = Debug|Any CPU
		{DF931045-F32D-47CF-B7EF-0D36C308A239}.Release|Any CPU.ActiveCfg = Release|Any CPU
		{DF931045-F32D-47CF-B7EF-0D36C308A239}.Release|Any CPU.Build.0 = Release|Any CPU
		{4616E7AA-B7C1-4920-8FF1-7591BFFF130F}.Debug|Any CPU.ActiveCfg = Debug|Any CPU
		{4616E7AA-B7C1-4920-8FF1-7591BFFF130F}.Debug|Any CPU.Build.0 = Debug|Any CPU
		{4616E7AA-B7C1-4920-8FF1-7591BFFF130F}.Release|Any CPU.ActiveCfg = Release|Any CPU
		{4616E7AA-B7C1-4920-8FF1-7591BFFF130F}.Release|Any CPU.Build.0 = Release|Any CPU
		{94193FB8-CCB4-4E77-8359-35B84F319F5A}.Debug|Any CPU.ActiveCfg = Debug|Any CPU
		{94193FB8-CCB4-4E77-8359-35B84F319F5A}.Debug|Any CPU.Build.0 = Debug|Any CPU
		{94193FB8-CCB4-4E77-8359-35B84F319F5A}.Release|Any CPU.ActiveCfg = Release|Any CPU
		{94193FB8-CCB4-4E77-8359-35B84F319F5A}.Release|Any CPU.Build.0 = Release|Any CPU
		{C429E233-199B-48F0-B201-EA8FCA50F66F}.Debug|Any CPU.ActiveCfg = Debug|Any CPU
		{C429E233-199B-48F0-B201-EA8FCA50F66F}.Debug|Any CPU.Build.0 = Debug|Any CPU
		{C429E233-199B-48F0-B201-EA8FCA50F66F}.Release|Any CPU.ActiveCfg = Release|Any CPU
		{C429E233-199B-48F0-B201-EA8FCA50F66F}.Release|Any CPU.Build.0 = Release|Any CPU
		{87A1EC3D-7368-4C84-9571-C24A41BB9FED}.Debug|Any CPU.ActiveCfg = Debug|Any CPU
		{87A1EC3D-7368-4C84-9571-C24A41BB9FED}.Debug|Any CPU.Build.0 = Debug|Any CPU
		{87A1EC3D-7368-4C84-9571-C24A41BB9FED}.Release|Any CPU.ActiveCfg = Release|Any CPU
		{87A1EC3D-7368-4C84-9571-C24A41BB9FED}.Release|Any CPU.Build.0 = Release|Any CPU
	EndGlobalSection
EndGlobal
