
Microsoft Visual Studio Solution File, Format Version 12.00
Project("{FAE04EC0-301F-11D3-BF4B-00C04F79EFBC}") = "Day1", "Day1\Day1.csproj", "{4FAAED2C-DACA-4F13-A103-DDAB7576A29A}"
EndProject
Project("{FAE04EC0-301F-11D3-BF4B-00C04F79EFBC}") = "Day1Tests", "Day1Tests\Day1Tests.csproj", "{420F7D02-831F-4C5C-8A1A-C8672653C24B}"
EndProject
Project("{FAE04EC0-301F-11D3-BF4B-00C04F79EFBC}") = "Tools", "Tools\Tools.csproj", "{3AB94020-2970-4DA7-A6D1-931EF75646DC}"
EndProject
Project("{FAE04EC0-301F-11D3-BF4B-00C04F79EFBC}") = "ToolsTests", "ToolsTests\ToolsTests.csproj", "{70D9C8D0-1714-4A8F-B84C-54AC6062B95B}"
EndProject
Project("{FAE04EC0-301F-11D3-BF4B-00C04F79EFBC}") = "Day2", "Day2\Day2.csproj", "{C81F549F-7534-48EC-BCD4-B1789CE3CF33}"
EndProject
Project("{FAE04EC0-301F-11D3-BF4B-00C04F79EFBC}") = "Day2Tests", "Day2Tests\Day2Tests.csproj", "{B3BFB983-723F-4612-BF1F-1F9115298D9A}"
EndProject
Project("{FAE04EC0-301F-11D3-BF4B-00C04F79EFBC}") = "Day3", "Day3\Day3.csproj", "{CEE4D1BE-9036-4B4E-BA39-28903C1CA51E}"
EndProject
Project("{FAE04EC0-301F-11D3-BF4B-00C04F79EFBC}") = "Day3Tests", "Day3Tests\Day3Tests.csproj", "{AB4D6EA9-8905-4B7F-BF51-77CB5B8804EC}"
EndProject
Project("{FAE04EC0-301F-11D3-BF4B-00C04F79EFBC}") = "Day4", "Day4\Day4.csproj", "{F5B605FA-481F-4B95-861B-6A952075253E}"
EndProject
Project("{FAE04EC0-301F-11D3-BF4B-00C04F79EFBC}") = "Day4Tests", "Day4Tests\Day4Tests.csproj", "{DE94E7DB-8626-4501-AE2A-6D836EEE2B37}"
EndProject
Global
	GlobalSection(SolutionConfigurationPlatforms) = preSolution
		Debug|Any CPU = Debug|Any CPU
		Release|Any CPU = Release|Any CPU
	EndGlobalSection
	GlobalSection(ProjectConfigurationPlatforms) = postSolution
		{4FAAED2C-DACA-4F13-A103-DDAB7576A29A}.Debug|Any CPU.ActiveCfg = Debug|Any CPU
		{4FAAED2C-DACA-4F13-A103-DDAB7576A29A}.Debug|Any CPU.Build.0 = Debug|Any CPU
		{4FAAED2C-DACA-4F13-A103-DDAB7576A29A}.Release|Any CPU.ActiveCfg = Release|Any CPU
		{4FAAED2C-DACA-4F13-A103-DDAB7576A29A}.Release|Any CPU.Build.0 = Release|Any CPU
		{420F7D02-831F-4C5C-8A1A-C8672653C24B}.Debug|Any CPU.ActiveCfg = Debug|Any CPU
		{420F7D02-831F-4C5C-8A1A-C8672653C24B}.Debug|Any CPU.Build.0 = Debug|Any CPU
		{420F7D02-831F-4C5C-8A1A-C8672653C24B}.Release|Any CPU.ActiveCfg = Release|Any CPU
		{420F7D02-831F-4C5C-8A1A-C8672653C24B}.Release|Any CPU.Build.0 = Release|Any CPU
		{3AB94020-2970-4DA7-A6D1-931EF75646DC}.Debug|Any CPU.ActiveCfg = Debug|Any CPU
		{3AB94020-2970-4DA7-A6D1-931EF75646DC}.Debug|Any CPU.Build.0 = Debug|Any CPU
		{3AB94020-2970-4DA7-A6D1-931EF75646DC}.Release|Any CPU.ActiveCfg = Release|Any CPU
		{3AB94020-2970-4DA7-A6D1-931EF75646DC}.Release|Any CPU.Build.0 = Release|Any CPU
		{70D9C8D0-1714-4A8F-B84C-54AC6062B95B}.Debug|Any CPU.ActiveCfg = Debug|Any CPU
		{70D9C8D0-1714-4A8F-B84C-54AC6062B95B}.Debug|Any CPU.Build.0 = Debug|Any CPU
		{70D9C8D0-1714-4A8F-B84C-54AC6062B95B}.Release|Any CPU.ActiveCfg = Release|Any CPU
		{70D9C8D0-1714-4A8F-B84C-54AC6062B95B}.Release|Any CPU.Build.0 = Release|Any CPU
		{C81F549F-7534-48EC-BCD4-B1789CE3CF33}.Debug|Any CPU.ActiveCfg = Debug|Any CPU
		{C81F549F-7534-48EC-BCD4-B1789CE3CF33}.Debug|Any CPU.Build.0 = Debug|Any CPU
		{C81F549F-7534-48EC-BCD4-B1789CE3CF33}.Release|Any CPU.ActiveCfg = Release|Any CPU
		{C81F549F-7534-48EC-BCD4-B1789CE3CF33}.Release|Any CPU.Build.0 = Release|Any CPU
		{B3BFB983-723F-4612-BF1F-1F9115298D9A}.Debug|Any CPU.ActiveCfg = Debug|Any CPU
		{B3BFB983-723F-4612-BF1F-1F9115298D9A}.Debug|Any CPU.Build.0 = Debug|Any CPU
		{B3BFB983-723F-4612-BF1F-1F9115298D9A}.Release|Any CPU.ActiveCfg = Release|Any CPU
		{B3BFB983-723F-4612-BF1F-1F9115298D9A}.Release|Any CPU.Build.0 = Release|Any CPU
		{CEE4D1BE-9036-4B4E-BA39-28903C1CA51E}.Debug|Any CPU.ActiveCfg = Debug|Any CPU
		{CEE4D1BE-9036-4B4E-BA39-28903C1CA51E}.Debug|Any CPU.Build.0 = Debug|Any CPU
		{CEE4D1BE-9036-4B4E-BA39-28903C1CA51E}.Release|Any CPU.ActiveCfg = Release|Any CPU
		{CEE4D1BE-9036-4B4E-BA39-28903C1CA51E}.Release|Any CPU.Build.0 = Release|Any CPU
		{AB4D6EA9-8905-4B7F-BF51-77CB5B8804EC}.Debug|Any CPU.ActiveCfg = Debug|Any CPU
		{AB4D6EA9-8905-4B7F-BF51-77CB5B8804EC}.Debug|Any CPU.Build.0 = Debug|Any CPU
		{AB4D6EA9-8905-4B7F-BF51-77CB5B8804EC}.Release|Any CPU.ActiveCfg = Release|Any CPU
		{AB4D6EA9-8905-4B7F-BF51-77CB5B8804EC}.Release|Any CPU.Build.0 = Release|Any CPU
		{F5B605FA-481F-4B95-861B-6A952075253E}.Debug|Any CPU.ActiveCfg = Debug|Any CPU
		{F5B605FA-481F-4B95-861B-6A952075253E}.Debug|Any CPU.Build.0 = Debug|Any CPU
		{F5B605FA-481F-4B95-861B-6A952075253E}.Release|Any CPU.ActiveCfg = Release|Any CPU
		{F5B605FA-481F-4B95-861B-6A952075253E}.Release|Any CPU.Build.0 = Release|Any CPU
		{DE94E7DB-8626-4501-AE2A-6D836EEE2B37}.Debug|Any CPU.ActiveCfg = Debug|Any CPU
		{DE94E7DB-8626-4501-AE2A-6D836EEE2B37}.Debug|Any CPU.Build.0 = Debug|Any CPU
		{DE94E7DB-8626-4501-AE2A-6D836EEE2B37}.Release|Any CPU.ActiveCfg = Release|Any CPU
		{DE94E7DB-8626-4501-AE2A-6D836EEE2B37}.Release|Any CPU.Build.0 = Release|Any CPU
	EndGlobalSection
EndGlobal
